
Microsoft Visual Studio Solution File, Format Version 12.00
# Visual Studio Version 16
VisualStudioVersion = 16.0.30503.244
MinimumVisualStudioVersion = 10.0.40219.1
Project("{9A19103F-16F7-4668-BE54-9A1E7A4F7556}") = "POD", "POD.csproj", "{3A932817-35C2-42E1-9323-BA9A604F6CA1}"
EndProject
Project("{E24C65DC-7377-472B-9ABA-BC803B73C61A}") = "Frontend", "..\Frontend\", "{65041978-0150-4232-95A7-B7498683C733}"
	ProjectSection(WebsiteProperties) = preProject
		TargetFrameworkMoniker = ".NETFramework,Version%3Dv4.0"
		Debug.AspNetCompiler.VirtualPath = "/localhost_62163"
		Debug.AspNetCompiler.PhysicalPath = "..\Frontend\"
		Debug.AspNetCompiler.TargetPath = "PrecompiledWeb\localhost_62163\"
		Debug.AspNetCompiler.Updateable = "true"
		Debug.AspNetCompiler.ForceOverwrite = "true"
		Debug.AspNetCompiler.FixedNames = "false"
		Debug.AspNetCompiler.Debug = "True"
		Release.AspNetCompiler.VirtualPath = "/localhost_62163"
		Release.AspNetCompiler.PhysicalPath = "..\Frontend\"
		Release.AspNetCompiler.TargetPath = "PrecompiledWeb\localhost_62163\"
		Release.AspNetCompiler.Updateable = "true"
		Release.AspNetCompiler.ForceOverwrite = "true"
		Release.AspNetCompiler.FixedNames = "false"
		Release.AspNetCompiler.Debug = "False"
		VWDPort = "62163"
	EndProjectSection
EndProject
Global
	GlobalSection(SolutionConfigurationPlatforms) = preSolution
		Debug|Any CPU = Debug|Any CPU
		Release|Any CPU = Release|Any CPU
	EndGlobalSection
	GlobalSection(ProjectConfigurationPlatforms) = postSolution
		{3A932817-35C2-42E1-9323-BA9A604F6CA1}.Debug|Any CPU.ActiveCfg = Debug|Any CPU
		{3A932817-35C2-42E1-9323-BA9A604F6CA1}.Debug|Any CPU.Build.0 = Debug|Any CPU
		{3A932817-35C2-42E1-9323-BA9A604F6CA1}.Release|Any CPU.ActiveCfg = Release|Any CPU
		{3A932817-35C2-42E1-9323-BA9A604F6CA1}.Release|Any CPU.Build.0 = Release|Any CPU
		{65041978-0150-4232-95A7-B7498683C733}.Debug|Any CPU.ActiveCfg = Debug|Any CPU
		{65041978-0150-4232-95A7-B7498683C733}.Debug|Any CPU.Build.0 = Debug|Any CPU
		{65041978-0150-4232-95A7-B7498683C733}.Release|Any CPU.ActiveCfg = Debug|Any CPU
		{65041978-0150-4232-95A7-B7498683C733}.Release|Any CPU.Build.0 = Debug|Any CPU
	EndGlobalSection
	GlobalSection(SolutionProperties) = preSolution
		HideSolutionNode = FALSE
	EndGlobalSection
	GlobalSection(ExtensibilityGlobals) = postSolution
		SolutionGuid = {F3E6A27F-CA60-4EF8-858B-0914D23B5C72}
	EndGlobalSection
EndGlobal
